
Microsoft Visual Studio Solution File, Format Version 12.00
# Visual Studio 15
VisualStudioVersion = 15.0.26124.0
MinimumVisualStudioVersion = 15.0.26124.0
Project("{2150E333-8FDC-42A3-9474-1A3956D46DE8}") = "src", "src", "{B879DB54-98E8-4310-99B1-719BD18BC9BA}"
EndProject
Project("{FAE04EC0-301F-11D3-BF4B-00C04F79EFBC}") = "ReportPortal.Client", "src\ReportPortal.Client\ReportPortal.Client.csproj", "{1B28A5B6-3611-4F5C-AACC-211BFDA0FAF9}"
EndProject
Project("{2150E333-8FDC-42A3-9474-1A3956D46DE8}") = "test", "test", "{95F2A3B7-FEE7-4F5A-A45E-82E3262F1217}"
EndProject
Project("{FAE04EC0-301F-11D3-BF4B-00C04F79EFBC}") = "ReportPortal.Client.Tests", "test\ReportPortal.Client.Tests\ReportPortal.Client.Tests.csproj", "{3C8B90C5-0545-430F-A902-8198A39C0583}"
EndProject
Global
	GlobalSection(SolutionConfigurationPlatforms) = preSolution
		Debug|Any CPU = Debug|Any CPU
		Debug|x64 = Debug|x64
		Debug|x86 = Debug|x86
		Release|Any CPU = Release|Any CPU
		Release|x64 = Release|x64
		Release|x86 = Release|x86
	EndGlobalSection
	GlobalSection(SolutionProperties) = preSolution
		HideSolutionNode = FALSE
	EndGlobalSection
	GlobalSection(ProjectConfigurationPlatforms) = postSolution
		{1B28A5B6-3611-4F5C-AACC-211BFDA0FAF9}.Debug|Any CPU.ActiveCfg = Debug|Any CPU
		{1B28A5B6-3611-4F5C-AACC-211BFDA0FAF9}.Debug|Any CPU.Build.0 = Debug|Any CPU
		{1B28A5B6-3611-4F5C-AACC-211BFDA0FAF9}.Debug|x64.ActiveCfg = Debug|Any CPU
		{1B28A5B6-3611-4F5C-AACC-211BFDA0FAF9}.Debug|x64.Build.0 = Debug|Any CPU
		{1B28A5B6-3611-4F5C-AACC-211BFDA0FAF9}.Debug|x86.ActiveCfg = Debug|Any CPU
		{1B28A5B6-3611-4F5C-AACC-211BFDA0FAF9}.Debug|x86.Build.0 = Debug|Any CPU
		{1B28A5B6-3611-4F5C-AACC-211BFDA0FAF9}.Release|Any CPU.ActiveCfg = Release|Any CPU
		{1B28A5B6-3611-4F5C-AACC-211BFDA0FAF9}.Release|Any CPU.Build.0 = Release|Any CPU
		{1B28A5B6-3611-4F5C-AACC-211BFDA0FAF9}.Release|x64.ActiveCfg = Release|Any CPU
		{1B28A5B6-3611-4F5C-AACC-211BFDA0FAF9}.Release|x64.Build.0 = Release|Any CPU
		{1B28A5B6-3611-4F5C-AACC-211BFDA0FAF9}.Release|x86.ActiveCfg = Release|Any CPU
		{1B28A5B6-3611-4F5C-AACC-211BFDA0FAF9}.Release|x86.Build.0 = Release|Any CPU
		{3C8B90C5-0545-430F-A902-8198A39C0583}.Debug|Any CPU.ActiveCfg = Debug|Any CPU
		{3C8B90C5-0545-430F-A902-8198A39C0583}.Debug|Any CPU.Build.0 = Debug|Any CPU
		{3C8B90C5-0545-430F-A902-8198A39C0583}.Debug|x64.ActiveCfg = Debug|Any CPU
		{3C8B90C5-0545-430F-A902-8198A39C0583}.Debug|x64.Build.0 = Debug|Any CPU
		{3C8B90C5-0545-430F-A902-8198A39C0583}.Debug|x86.ActiveCfg = Debug|Any CPU
		{3C8B90C5-0545-430F-A902-8198A39C0583}.Debug|x86.Build.0 = Debug|Any CPU
		{3C8B90C5-0545-430F-A902-8198A39C0583}.Release|Any CPU.ActiveCfg = Release|Any CPU
		{3C8B90C5-0545-430F-A902-8198A39C0583}.Release|Any CPU.Build.0 = Release|Any CPU
		{3C8B90C5-0545-430F-A902-8198A39C0583}.Release|x64.ActiveCfg = Release|Any CPU
		{3C8B90C5-0545-430F-A902-8198A39C0583}.Release|x64.Build.0 = Release|Any CPU
		{3C8B90C5-0545-430F-A902-8198A39C0583}.Release|x86.ActiveCfg = Release|Any CPU
		{3C8B90C5-0545-430F-A902-8198A39C0583}.Release|x86.Build.0 = Release|Any CPU
	EndGlobalSection
	GlobalSection(NestedProjects) = preSolution
		{1B28A5B6-3611-4F5C-AACC-211BFDA0FAF9} = {B879DB54-98E8-4310-99B1-719BD18BC9BA}
		{3C8B90C5-0545-430F-A902-8198A39C0583} = {95F2A3B7-FEE7-4F5A-A45E-82E3262F1217}
	EndGlobalSection
EndGlobal
